
Microsoft Visual Studio Solution File, Format Version 12.00
# Visual Studio Version 17
VisualStudioVersion = 17.1.32210.238
MinimumVisualStudioVersion = 10.0.40219.1
Project("{FAE04EC0-301F-11D3-BF4B-00C04F79EFBC}") = "Basketball_Score", "Basketball_Score.csproj", "{D39E05F9-324B-41B1-A639-31F2F7DAA2C0}"
EndProject
Global
	GlobalSection(SolutionConfigurationPlatforms) = preSolution
		Debug|Any CPU = Debug|Any CPU
		Release|Any CPU = Release|Any CPU
	EndGlobalSection
	GlobalSection(ProjectConfigurationPlatforms) = postSolution
		{D39E05F9-324B-41B1-A639-31F2F7DAA2C0}.Debug|Any CPU.ActiveCfg = Debug|Any CPU
		{D39E05F9-324B-41B1-A639-31F2F7DAA2C0}.Debug|Any CPU.Build.0 = Debug|Any CPU
		{D39E05F9-324B-41B1-A639-31F2F7DAA2C0}.Release|Any CPU.ActiveCfg = Release|Any CPU
		{D39E05F9-324B-41B1-A639-31F2F7DAA2C0}.Release|Any CPU.Build.0 = Release|Any CPU
	EndGlobalSection
	GlobalSection(SolutionProperties) = preSolution
		HideSolutionNode = FALSE
	EndGlobalSection
	GlobalSection(ExtensibilityGlobals) = postSolution
		SolutionGuid = {9A7C2461-1E4A-4366-A2E4-E4B4D96D21C6}
	EndGlobalSection
EndGlobal
